
Microsoft Visual Studio Solution File, Format Version 12.00
# Visual Studio 15
VisualStudioVersion = 15.0.28307.572
MinimumVisualStudioVersion = 10.0.40219.1
Project("{FAE04EC0-301F-11D3-BF4B-00C04F79EFBC}") = "HelloAPI", "HelloAPI\HelloAPI.csproj", "{A27206C9-FDD3-46A5-B739-5F5382F7B4FA}"
EndProject
Global
	GlobalSection(SolutionConfigurationPlatforms) = preSolution
		Debug|Any CPU = Debug|Any CPU
		Release|Any CPU = Release|Any CPU
	EndGlobalSection
	GlobalSection(ProjectConfigurationPlatforms) = postSolution
		{A27206C9-FDD3-46A5-B739-5F5382F7B4FA}.Debug|Any CPU.ActiveCfg = Debug|Any CPU
		{A27206C9-FDD3-46A5-B739-5F5382F7B4FA}.Debug|Any CPU.Build.0 = Debug|Any CPU
		{A27206C9-FDD3-46A5-B739-5F5382F7B4FA}.Release|Any CPU.ActiveCfg = Release|Any CPU
		{A27206C9-FDD3-46A5-B739-5F5382F7B4FA}.Release|Any CPU.Build.0 = Release|Any CPU
	EndGlobalSection
	GlobalSection(SolutionProperties) = preSolution
		HideSolutionNode = FALSE
	EndGlobalSection
	GlobalSection(ExtensibilityGlobals) = postSolution
		SolutionGuid = {1598B8B6-7683-4D3C-B126-D7621607F856}
	EndGlobalSection
EndGlobal
